{
    "_meta": {
        "hash": {
            "sha256": "ab16830e3efb0cd38f624d193f9d46dc1ba32c2aa39d8bd07ea9f891228fb054"
        },
        "pipfile-spec": 6,
        "requires": {
            "python_version": "3.8"
        },
        "sources": [
            {
                "name": "pypi",
                "url": "https://pypi.org/simple",
                "verify_ssl": true
            }
        ]
    },
    "default": {
        "cachetools": {
            "hashes": [
                "sha256:6a94c6402995a99c3970cc7e4884bb60b4a8639938157eeed436098bf9831757",
                "sha256:f9f17d2aec496a9aa6b76f53e3b614c965223c061982d434d160f930c698a9db"
            ],
            "markers": "python_version ~= '3.7'",
            "version": "==5.2.0"
        },
        "et-xmlfile": {
            "hashes": [
                "sha256:8eb9e2bc2f8c97e37a2dc85a09ecdcdec9d8a396530a6d5a33b30b9a92da0c5c",
                "sha256:a2ba85d1d6a74ef63837eed693bcb89c3f752169b0e3e7ae5b16ca5e1b3deada"
            ],
            "markers": "python_version >= '3.6'",
            "version": "==1.1.0"
        },
        "future": {
            "hashes": [
                "sha256:b1bead90b70cf6ec3f0710ae53a525360fa360d306a86583adc6bf83a4db537d"
            ],
            "markers": "python_version >= '2.6' and python_version not in '3.0, 3.1, 3.2, 3.3'",
            "version": "==0.18.2"
        },
        "numpy": {
            "hashes": [
                "sha256:0104d8adaa3a4cc60c2777cab5196593bf8a7f416eda133be1f3803dd0838886",
                "sha256:0885d9a7666cafe5f9876c57bfee34226e2b2847bfb94c9505e18d81011e5401",
                "sha256:12bba5561d8118981f2f1ff069ecae200c05d7b6c78a5cdac0911f74bc71cbd1",
                "sha256:2f8e0df2ecc1928ef7256f18e309c9d6229b08b5be859163f5caa59c93d53646",
                "sha256:4445f472b246cad6514cc09fbb5ecb7aab09ca2acc3c16f29f8dca6c468af501",
                "sha256:4d01f7832fa319a36fd75ba10ea4027c9338ede875792f7bf617f4b45056fc3a",
                "sha256:4f5e78b8b710cd7cd1a8145994cfffc6ddd5911669a437777d8cedfce6c83a98",
                "sha256:667b5b1f6a352419e340f6475ef9930348ae5cb7fca15f2cc3afcb530823715e",
                "sha256:6e73a1f4f5b74a42abb55bc2b3d869f1b38cbc8776da5f8b66bf110284f7a437",
                "sha256:73cf2c5b5a07450f20a0c8e04d9955491970177dce8df8d6903bf253e53268e0",
                "sha256:7ad6a024a32ee61d18f5b402cd02e9c0e22c0fb9dc23751991b3a16d209d972e",
                "sha256:8b1ddfac6a82d4f3c8e99436c90b9c2c68c0bb14658d1684cdd00f05fab241f5",
                "sha256:90075ef2c6ac6397d0035bcd8b298b26e481a7035f7a3f382c047eb9c3414db0",
                "sha256:9387c7d6d50e8f8c31e7bfc034241e9c6f4b3eb5db8d118d6487047b922f82af",
                "sha256:9af91f794d2d3007d91d749ebc955302889261db514eb24caef30e03e8ec1e41",
                "sha256:ab11f6a7602cf8ea4c093e091938207de3068c5693a0520168ecf4395750f7ea",
                "sha256:ac4fe68f1a5a18136acebd4eff91aab8bed00d1ef2fdb34b5d9192297ffbbdfc",
                "sha256:ada6c1e9608ceadaf7020e1deea508b73ace85560a16f51bef26aecb93626a72",
                "sha256:c4ab7c9711fe6b235e86487ca74c1b092a6dd59a3cb45b63241ea0a148501853",
                "sha256:cec79ff3984b2d1d103183fc4a3361f5b55bbb66cb395cbf5a920a4bb1fd588d",
                "sha256:cf8960f72997e56781eb1c2ea256a70124f92a543b384f89e5fb3503a308b1d3",
                "sha256:d7f223554aba7280e6057727333ed357b71b7da7422d02ff5e91b857888c25d1",
                "sha256:dbb0490f0a880700a6cc4d000384baf19c1f4df59fff158d9482d4dbbca2b239",
                "sha256:e63d2157f9fc98cc178870db83b0e0c85acdadd598b134b00ebec9e0db57a01f",
                "sha256:ec3e5e8172a0a6a4f3c2e7423d4a8434c41349141b04744b11a90e017a95bad5",
                "sha256:f3c4a9a9f92734a4728ddbd331e0124eabbc968a0359a506e8e74a9b0d2d419b",
                "sha256:f9168790149f917ad8e3cf5047b353fefef753bd50b07c547da0bdf30bc15d91",
                "sha256:fe44e925c68fb5e8db1334bf30ac1a1b6b963b932a19cf41d2e899cf02f36aab"
            ],
            "markers": "python_version < '3.10'",
            "version": "==1.24.0"
        },
        "openpyxl": {
            "hashes": [
                "sha256:0ab6d25d01799f97a9464630abacbb34aafecdcaa0ef3cba6d6b3499867d0355",
                "sha256:e47805627aebcf860edb4edf7987b1309c1b3632f3750538ed962bbcc3bd7449"
            ],
            "index": "pypi",
            "version": "==3.0.10"
        },
        "pandas": {
            "hashes": [
                "sha256:0183cb04a057cc38fde5244909fca9826d5d57c4a5b7390c0cc3fa7acd9fa883",
                "sha256:1fc87eac0541a7d24648a001d553406f4256e744d92df1df8ebe41829a915028",
                "sha256:220b98d15cee0b2cd839a6358bd1f273d0356bf964c1a1aeb32d47db0215488b",
                "sha256:2552bffc808641c6eb471e55aa6899fa002ac94e4eebfa9ec058649122db5824",
                "sha256:315e19a3e5c2ab47a67467fc0362cb36c7c60a93b6457f675d7d9615edad2ebe",
                "sha256:344021ed3e639e017b452aa8f5f6bf38a8806f5852e217a7594417fb9bbfa00e",
                "sha256:375262829c8c700c3e7cbb336810b94367b9c4889818bbd910d0ecb4e45dc261",
                "sha256:457d8c3d42314ff47cc2d6c54f8fc0d23954b47977b2caed09cd9635cb75388b",
                "sha256:4aed257c7484d01c9a194d9a94758b37d3d751849c05a0050c087a358c41ad1f",
                "sha256:530948945e7b6c95e6fa7aa4be2be25764af53fba93fe76d912e35d1c9ee46f5",
                "sha256:5ae7e989f12628f41e804847a8cc2943d362440132919a69429d4dea1f164da0",
                "sha256:71f510b0efe1629bf2f7c0eadb1ff0b9cf611e87b73cd017e6b7d6adb40e2b3a",
                "sha256:73f219fdc1777cf3c45fde7f0708732ec6950dfc598afc50588d0d285fddaefc",
                "sha256:8092a368d3eb7116e270525329a3e5c15ae796ccdf7ccb17839a73b4f5084a39",
                "sha256:82ae615826da838a8e5d4d630eb70c993ab8636f0eff13cb28aafc4291b632b5",
                "sha256:9608000a5a45f663be6af5c70c3cbe634fa19243e720eb380c0d378666bc7702",
                "sha256:a40dd1e9f22e01e66ed534d6a965eb99546b41d4d52dbdb66565608fde48203f",
                "sha256:b4f5a82afa4f1ff482ab8ded2ae8a453a2cdfde2001567b3ca24a4c5c5ca0db3",
                "sha256:c009a92e81ce836212ce7aa98b219db7961a8b95999b97af566b8dc8c33e9519",
                "sha256:c218796d59d5abd8780170c937b812c9637e84c32f8271bbf9845970f8c1351f",
                "sha256:cc3cd122bea268998b79adebbb8343b735a5511ec14efb70a39e7acbc11ccbdc",
                "sha256:d0d8fd58df5d17ddb8c72a5075d87cd80d71b542571b5f78178fb067fa4e9c72",
                "sha256:e18bc3764cbb5e118be139b3b611bc3fbc5d3be42a7e827d1096f46087b395eb",
                "sha256:e2b83abd292194f350bb04e188f9379d36b8dfac24dd445d5c87575f3beaf789",
                "sha256:e7469271497960b6a781eaa930cba8af400dd59b62ec9ca2f4d31a19f2f91090",
                "sha256:e9dbacd22555c2d47f262ef96bb4e30880e5956169741400af8b306bbb24a273",
                "sha256:f6257b314fc14958f8122779e5a1557517b0f8e500cfb2bd53fa1f75a8ad0af2"
            ],
            "index": "pypi",
            "version": "==1.5.2"
        },
        "pefile": {
            "hashes": [
                "sha256:a5488a3dd1fd021ce33f969780b88fe0f7eebb76eb20996d7318f307612a045b"
            ],
            "markers": "python_full_version >= '3.6.0'",
            "version": "==2022.5.30"
        },
        "py2exe": {
            "hashes": [
                "sha256:0094278df7af3ff0f8603067a2c19b9bc6beecd6a804b87c14b2f1d16da260f4",
                "sha256:07ae96b371f9af145a47ce5486eafe693842e7c77cf8830fa1cb688ed53191fd",
                "sha256:6e47a457fd0f191eeb91f928c271536f71e643571d1a0da8cc2ee8f617190ff1",
                "sha256:c3f56edda962b4e1a90d6502277bf4b7cb195a8fc55f8e355f76928d9b7bbb9c",
                "sha256:da32760a4b479eb4ba6c2638a02a9b1c1b413b7975d5ffa097558811047a9a8b",
                "sha256:dd7607f35008e8f71f7c68a24233ea1640eb5a4f09518628939a5a1c8fa5c0cc",
                "sha256:dfe70625c5dac1bd3d48006703ceb69bbe8ec6b4ea98e47388b0a8b1dced81b4",
                "sha256:e7a7f1e061d1a925d83c687764f3550ecdd15057e49d2afb7341b96fae66dac4"
            ],
            "index": "pypi",
            "version": "==0.13.0.0"
        },
        "python-dateutil": {
            "hashes": [
                "sha256:0123cacc1627ae19ddf3c27a5de5bd67ee4586fbdd6440d9748f8abb483d3e86",
                "sha256:961d03dc3453ebbc59dbdea9e4e11c5651520a876d0f4db161e8674aae935da9"
            ],
            "markers": "python_version >= '2.7' and python_version not in '3.0, 3.1, 3.2, 3.3'",
            "version": "==2.8.2"
        },
        "pytz": {
            "hashes": [
                "sha256:7ccfae7b4b2c067464a6733c6261673fdb8fd1be905460396b97a073e9fa683a",
                "sha256:93007def75ae22f7cd991c84e02d434876818661f8df9ad5df9e950ff4e52cfd"
            ],
            "version": "==2022.7"
        },
        "simplejson": {
            "hashes": [
                "sha256:002f069c7bb9a86826616a78f1214fea5b993435720990eecb0bf10955b9cd0e",
                "sha256:00b673f0b3caf37a3d993bccf30a97290da6313b6ecc7d66937e9cd906d8f840",
                "sha256:07e408222931b1a2aab71e60e5f169fa7c0d74cacd4e0a6a0199716cb18dad76",
                "sha256:0de746c8f76355c79fd15eccd7ecde0b137cd911bdcdc463fc5c36ec3d8b98ea",
                "sha256:0f33d16fa7b5e2ed6ea85d7b31bc84cf8c73c40cc2c9f87071e0fffcd52f5342",
                "sha256:0f49858b5fc802081b71269f4a3aa5c5500ec6553637c9a0630f30a2a6541ea7",
                "sha256:17dbc7f71fa5b7e4a2acef38cf0be30461ae6659456a978ce7eeebeb5bdf9e1a",
                "sha256:17ec5e408fb6615250c1f18fb4eac3b2b99a85e8613bfc2dfa54827d0bf7f3e1",
                "sha256:1b4085151e00ab7ca66f269aff7153f0ec18589cb22e7ceb8b365709c723fdd0",
                "sha256:1f169402069f8cf93e359f607725b1d920c4dbe5bda4c520025d5fad8d20c1b7",
                "sha256:1fbacdbba3cf5a471c67a9ca6cd270bba9578d5bc22aef6028faebbdb98bbb15",
                "sha256:252f7cc5524bb5507a08377a4a75aa7ff4645f3dfca814d38bdbcf0f3c34d1ce",
                "sha256:2aeed35db00cdf5d49ff1e7d878afd38c86a5fead0f1d364d539ad4d7a869e0e",
                "sha256:2cc76435569e6c19574a8e913cfccbed832249b2b3b360caee9a4caf8ff866bf",
                "sha256:448ab14fa67b3ac235a8445d14ec6d56268c3dabbce78720f9efa6d698466710",
                "sha256:4609feb2ae66c132c6dcbe01dbfd4f6431afb4ff17303e37ca128fb6297cebd2",
                "sha256:46bafa7e794f0e91fde850d906b0dc29a624c726b27e75d23bc8c3e35a48f28b",
                "sha256:4a6199d302ec7d889e1aa6b493aa8e40b4dfa4bd85708f8c8f0c64ce5b8e0986",
                "sha256:4d8d016f70d241f82189bc9f6d1eb8558b3599861f2c501b3f32da7fdf4e92ac",
                "sha256:503da91993cc671fe7ebbf120c3ce868278de8226f158336afde874f7b7aa871",
                "sha256:54c63cc7857f16a20aa170ffda9ebce45a3b7ba764b67a5a95bfe7ae613a2710",
                "sha256:58a429d2c2fa80834115b923ff689622de8f214cf0dc4afa9f59e824b444ab31",
                "sha256:599e9c53d3203bc36ef68efec138ca76d201da7ac06a114fae78536a8c10e35b",
                "sha256:5f3dd31309ae5cc9f2df51d2d5cac89722dac3c853042ebefcaf7ad06ca19387",
                "sha256:6187cbea7fdede732fe0347ad08cd920ebd9faa30b6c48782cee494051ca97c6",
                "sha256:622cf0e1f870f189a0757fdcad7998a0c1dd46b0e53aeac9960556c141319c83",
                "sha256:638bdd2deaccd3b8e02b1783280bd82341df5e1faa59c4f0276f03f16eec13ea",
                "sha256:6804ad50aaf581df5c982fc101b0d932638066fe191074ded783602eb1c8982a",
                "sha256:7a4d9b266ae6db578719f1255c742e76ee4676593087f4f6b79a2bbae2b1dcc5",
                "sha256:7a9476dcd72aeba7d55c4800b9cd2204201af3539894b8512d74597e35a3033a",
                "sha256:7b95c5cf71c16e4fdaa724719aaf8ccbed533e2df57a20bcff825ceeead27688",
                "sha256:8493d2c1a940471b07d7c9c356a3f4eee780df073da2917418d0fe8669b54f99",
                "sha256:875cfb43b622672218045dc927a86fc7c4c8111264c1d303aca5de33d5df479e",
                "sha256:8d762267c4af617e1798bd0151f626105d06a88f214e3874b77eb89106f899fe",
                "sha256:94c17d01e4c65e63deec46c984bb810de5e3a1259eb6bacdca63f3efc9c4c673",
                "sha256:96979ff7f0daf47422d5f95d2d006da3210e0490a166bce2529f59f55047fc67",
                "sha256:97139bf5134d713710665a6edb9500d69b93642c4b6b44b20800232dbd0f5b39",
                "sha256:989b31d586954e65170ad3ec597218a6790c401b82da6193e8a897a06aa7946e",
                "sha256:98b4c824f15436f1b22fe6d73c42ffacb246f7efc4d9dbbee542dd72355ecc43",
                "sha256:9aff3c24017a7819c76b2f177d4fe8334b3d4cb6f702a2d7c666b3d57c36ffb4",
                "sha256:9db78e18624f94d7b5642bf487244f803dab844e771d92e83f85f22da21ffe2d",
                "sha256:a0e6dd5a0b8c76fb7522470789f1af793d39d6edbd4e40853e7be550ad49c430",
                "sha256:a2f70d8170c7e02166a4c91462581e6ae5f35e3351a6b6c5142adcb04c7153ac",
                "sha256:a814227fa08cae435ac7a42dcd2a04a7ec4a3cee23b7f83f9544cd26f452dcc4",
                "sha256:aa9ecdd1d7ecbc7d1066c37cfbe52f65adf64b11b22d481a98fe1d3675dfff4b",
                "sha256:b2b19d7aa4e9a1e7bf8caaf5f478a790190c60136314f45bb7702cb5a9337266",
                "sha256:b4997bd8332cef3923402a07351571788f552f55ea1394ffbfccd4d203a8a05f",
                "sha256:b71fef8ee41d59509c7f4afac7f627ed143c9e6db9eb08cfbba85e4c4dc5e67b",
                "sha256:bd67d6fad7f4cd7c9cb7fad32d78ce32862fdb574b898447987a5de22fd37d73",
                "sha256:ca22993a1a00440392c6c76f39addab8d97c706d2a8bcc2c9b2b6cb2cd7f41df",
                "sha256:ce1c0580372d3c9bfa151bd0721a9bd5647b9b2245d0588d813fdbd2eb5d6f22",
                "sha256:d522f28f7b252454df86ac3db5a0e1fe5ae03c8fc0cd1592c912b07c9fad6c29",
                "sha256:d5d25cc5dad31a10d7a8196125515cc3aa68187c8953459fcaf127c2c8410f51",
                "sha256:d9f7a692c11de20cb8ec680584815315e03d1404a6e299d36489b0fb6447d98d",
                "sha256:d9fa2ad4cabb5054faa8d4a44b84134b0ec9d1421f5e9264d057d6be4d13c7fa",
                "sha256:db53a85f4db0dbd9e5f6277d9153bcaa2ccb87b0d672c6a35f19432b3f2301a3",
                "sha256:db9d36c4c7997c2a2513a5d218fd90b53bfeaf7e727f94aaf3576973378b3bce",
                "sha256:e80f02e68d25c222471fcc5d1933275b8eb396e5e40b7863e4e0a43b3c810059",
                "sha256:e84bd1c29e83ec74a95de070473742eb52d08502f2428eff5751671081e0a0a6",
                "sha256:f0e12bdafdf7e32c5ad4a073e325ea0d659d4277af8b3d8eccf3101c56879619",
                "sha256:fd56a9e0c63a1f9c37621fe298c77795aefd2a26dca80dcae27688586c40b4bb"
            ],
            "index": "pypi",
            "version": "==3.18.0"
        },
        "six": {
            "hashes": [
                "sha256:1e61c37477a1626458e36f7b1d82aa5c9b094fa4802892072e49de9c60c4c926",
                "sha256:8abb2f1d86890a2dfb989f9a77cfcfd3e47c2a354b01111771326f8aa26e0254"
            ],
            "markers": "python_version >= '2.7' and python_version not in '3.0, 3.1, 3.2, 3.3'",
            "version": "==1.16.0"
        }
    },
    "develop": {}
}
